
Microsoft Visual Studio Solution File, Format Version 12.00
# Visual Studio 2012
Project("{FAE04EC0-301F-11D3-BF4B-00C04F79EFBC}") = "TrackerApi", "TrackerApi\TrackerApi.csproj", "{33E64BB8-5A33-490B-AE83-B8F505AB1E50}"
EndProject
Project("{FAE04EC0-301F-11D3-BF4B-00C04F79EFBC}") = "TrackerService", "TrackerService\TrackerService.csproj", "{89B2B0DB-F85E-49A7-B3B1-8BA091FD3593}"
EndProject
Project("{FAE04EC0-301F-11D3-BF4B-00C04F79EFBC}") = "TrackerDao", "TrackerDao\TrackerDao.csproj", "{C3B97400-DC5B-493D-8125-A590E9B938E2}"
EndProject
Project("{FAE04EC0-301F-11D3-BF4B-00C04F79EFBC}") = "TrackerModels", "TrackerModels\TrackerModels.csproj", "{95CBF602-7A3B-49A4-A073-C6F8457707F2}"
EndProject
Project("{FAE04EC0-301F-11D3-BF4B-00C04F79EFBC}") = "TrackerWeb", "TrackerWeb\TrackerWeb.csproj", "{C0D8A01C-9884-405D-A248-927D332C7D22}"
EndProject
Project("{FAE04EC0-301F-11D3-BF4B-00C04F79EFBC}") = "TrackerMigrator", "TrackerMigrator\TrackerMigrator.csproj", "{E335F48A-CED4-4B10-801B-E0B5D5287FBF}"
EndProject
Global
	GlobalSection(SolutionConfigurationPlatforms) = preSolution
		Debug|Any CPU = Debug|Any CPU
		Release|Any CPU = Release|Any CPU
	EndGlobalSection
	GlobalSection(ProjectConfigurationPlatforms) = postSolution
		{33E64BB8-5A33-490B-AE83-B8F505AB1E50}.Debug|Any CPU.ActiveCfg = Debug|Any CPU
		{33E64BB8-5A33-490B-AE83-B8F505AB1E50}.Debug|Any CPU.Build.0 = Debug|Any CPU
		{33E64BB8-5A33-490B-AE83-B8F505AB1E50}.Release|Any CPU.ActiveCfg = Release|Any CPU
		{33E64BB8-5A33-490B-AE83-B8F505AB1E50}.Release|Any CPU.Build.0 = Release|Any CPU
		{89B2B0DB-F85E-49A7-B3B1-8BA091FD3593}.Debug|Any CPU.ActiveCfg = Debug|Any CPU
		{89B2B0DB-F85E-49A7-B3B1-8BA091FD3593}.Debug|Any CPU.Build.0 = Debug|Any CPU
		{89B2B0DB-F85E-49A7-B3B1-8BA091FD3593}.Release|Any CPU.ActiveCfg = Release|Any CPU
		{89B2B0DB-F85E-49A7-B3B1-8BA091FD3593}.Release|Any CPU.Build.0 = Release|Any CPU
		{C3B97400-DC5B-493D-8125-A590E9B938E2}.Debug|Any CPU.ActiveCfg = Debug|Any CPU
		{C3B97400-DC5B-493D-8125-A590E9B938E2}.Debug|Any CPU.Build.0 = Debug|Any CPU
		{C3B97400-DC5B-493D-8125-A590E9B938E2}.Release|Any CPU.ActiveCfg = Release|Any CPU
		{C3B97400-DC5B-493D-8125-A590E9B938E2}.Release|Any CPU.Build.0 = Release|Any CPU
		{95CBF602-7A3B-49A4-A073-C6F8457707F2}.Debug|Any CPU.ActiveCfg = Debug|Any CPU
		{95CBF602-7A3B-49A4-A073-C6F8457707F2}.Debug|Any CPU.Build.0 = Debug|Any CPU
		{95CBF602-7A3B-49A4-A073-C6F8457707F2}.Release|Any CPU.ActiveCfg = Release|Any CPU
		{95CBF602-7A3B-49A4-A073-C6F8457707F2}.Release|Any CPU.Build.0 = Release|Any CPU
		{C0D8A01C-9884-405D-A248-927D332C7D22}.Debug|Any CPU.ActiveCfg = Debug|Any CPU
		{C0D8A01C-9884-405D-A248-927D332C7D22}.Debug|Any CPU.Build.0 = Debug|Any CPU
		{C0D8A01C-9884-405D-A248-927D332C7D22}.Release|Any CPU.ActiveCfg = Release|Any CPU
		{C0D8A01C-9884-405D-A248-927D332C7D22}.Release|Any CPU.Build.0 = Release|Any CPU
		{E335F48A-CED4-4B10-801B-E0B5D5287FBF}.Debug|Any CPU.ActiveCfg = Debug|Any CPU
		{E335F48A-CED4-4B10-801B-E0B5D5287FBF}.Debug|Any CPU.Build.0 = Debug|Any CPU
		{E335F48A-CED4-4B10-801B-E0B5D5287FBF}.Release|Any CPU.ActiveCfg = Release|Any CPU
		{E335F48A-CED4-4B10-801B-E0B5D5287FBF}.Release|Any CPU.Build.0 = Release|Any CPU
	EndGlobalSection
	GlobalSection(SolutionProperties) = preSolution
		HideSolutionNode = FALSE
	EndGlobalSection
EndGlobal
